
Microsoft Visual Studio Solution File, Format Version 12.00
# Visual Studio 15
VisualStudioVersion = 15.0.28307.271
MinimumVisualStudioVersion = 10.0.40219.1
Project("{FAE04EC0-301F-11D3-BF4B-00C04F79EFBC}") = "TwitterSentimentAnaylisis", "TwitterSentimentAnaylisis\TwitterSentimentAnaylisis.csproj", "{5A2262F9-5393-470D-AF39-54EB9F5954F7}"
EndProject
Global
	GlobalSection(SolutionConfigurationPlatforms) = preSolution
		Debug|Any CPU = Debug|Any CPU
		Release|Any CPU = Release|Any CPU
	EndGlobalSection
	GlobalSection(ProjectConfigurationPlatforms) = postSolution
		{5A2262F9-5393-470D-AF39-54EB9F5954F7}.Debug|Any CPU.ActiveCfg = Debug|Any CPU
		{5A2262F9-5393-470D-AF39-54EB9F5954F7}.Debug|Any CPU.Build.0 = Debug|Any CPU
		{5A2262F9-5393-470D-AF39-54EB9F5954F7}.Release|Any CPU.ActiveCfg = Release|Any CPU
		{5A2262F9-5393-470D-AF39-54EB9F5954F7}.Release|Any CPU.Build.0 = Release|Any CPU
	EndGlobalSection
	GlobalSection(SolutionProperties) = preSolution
		HideSolutionNode = FALSE
	EndGlobalSection
	GlobalSection(ExtensibilityGlobals) = postSolution
		SolutionGuid = {CC395033-DC2B-4BC0-BF3D-C83E6D0D8984}
	EndGlobalSection
EndGlobal
